
Microsoft Visual Studio Solution File, Format Version 12.00
# Visual Studio Version 17
VisualStudioVersion = 17.9.34701.34
MinimumVisualStudioVersion = 10.0.40219.1
Project("{FAE04EC0-301F-11D3-BF4B-00C04F79EFBC}") = "Task_1_Carting_Service", "Task_1_Carting_Service\Task_1_Carting_Service.csproj", "{1E721E67-77DA-4FD3-B3B4-49E043454CF4}"
EndProject
Project("{2150E333-8FDC-42A3-9474-1A3956D46DE8}") = "NLayerBll", "NLayerBll", "{135E0C7C-B43C-4201-9D81-70CD031B0CD6}"
EndProject
Project("{2150E333-8FDC-42A3-9474-1A3956D46DE8}") = "NLayerDAL", "NLayerDAL", "{3033545B-9350-4875-A1F1-0D95653519DA}"
EndProject
Project("{FAE04EC0-301F-11D3-BF4B-00C04F79EFBC}") = "NLayerBll", "NLayerBll\NLayerBll.csproj", "{7E3C2FC3-A42C-41E1-8326-AC16F01356B5}"
EndProject
Project("{FAE04EC0-301F-11D3-BF4B-00C04F79EFBC}") = "NLayerDAL", "NLayerDAL\NLayerDAL.csproj", "{E2C3704D-52F0-4C58-B45C-707ED5C284CD}"
EndProject
Project("{2150E333-8FDC-42A3-9474-1A3956D46DE8}") = "Core", "Core", "{1AE48D74-37F8-4086-B227-DCA5C94FAD14}"
EndProject
Project("{FAE04EC0-301F-11D3-BF4B-00C04F79EFBC}") = "Common", "Common\Common.csproj", "{667C35E8-05CA-47F4-BC9C-424F4AF521FB}"
EndProject
Global
	GlobalSection(SolutionConfigurationPlatforms) = preSolution
		Debug|Any CPU = Debug|Any CPU
		Release|Any CPU = Release|Any CPU
	EndGlobalSection
	GlobalSection(ProjectConfigurationPlatforms) = postSolution
		{1E721E67-77DA-4FD3-B3B4-49E043454CF4}.Debug|Any CPU.ActiveCfg = Debug|Any CPU
		{1E721E67-77DA-4FD3-B3B4-49E043454CF4}.Debug|Any CPU.Build.0 = Debug|Any CPU
		{1E721E67-77DA-4FD3-B3B4-49E043454CF4}.Release|Any CPU.ActiveCfg = Release|Any CPU
		{1E721E67-77DA-4FD3-B3B4-49E043454CF4}.Release|Any CPU.Build.0 = Release|Any CPU
		{7E3C2FC3-A42C-41E1-8326-AC16F01356B5}.Debug|Any CPU.ActiveCfg = Debug|Any CPU
		{7E3C2FC3-A42C-41E1-8326-AC16F01356B5}.Debug|Any CPU.Build.0 = Debug|Any CPU
		{7E3C2FC3-A42C-41E1-8326-AC16F01356B5}.Release|Any CPU.ActiveCfg = Release|Any CPU
		{7E3C2FC3-A42C-41E1-8326-AC16F01356B5}.Release|Any CPU.Build.0 = Release|Any CPU
		{E2C3704D-52F0-4C58-B45C-707ED5C284CD}.Debug|Any CPU.ActiveCfg = Debug|Any CPU
		{E2C3704D-52F0-4C58-B45C-707ED5C284CD}.Debug|Any CPU.Build.0 = Debug|Any CPU
		{E2C3704D-52F0-4C58-B45C-707ED5C284CD}.Release|Any CPU.ActiveCfg = Release|Any CPU
		{E2C3704D-52F0-4C58-B45C-707ED5C284CD}.Release|Any CPU.Build.0 = Release|Any CPU
		{667C35E8-05CA-47F4-BC9C-424F4AF521FB}.Debug|Any CPU.ActiveCfg = Debug|Any CPU
		{667C35E8-05CA-47F4-BC9C-424F4AF521FB}.Debug|Any CPU.Build.0 = Debug|Any CPU
		{667C35E8-05CA-47F4-BC9C-424F4AF521FB}.Release|Any CPU.ActiveCfg = Release|Any CPU
		{667C35E8-05CA-47F4-BC9C-424F4AF521FB}.Release|Any CPU.Build.0 = Release|Any CPU
	EndGlobalSection
	GlobalSection(SolutionProperties) = preSolution
		HideSolutionNode = FALSE
	EndGlobalSection
	GlobalSection(NestedProjects) = preSolution
		{7E3C2FC3-A42C-41E1-8326-AC16F01356B5} = {135E0C7C-B43C-4201-9D81-70CD031B0CD6}
		{E2C3704D-52F0-4C58-B45C-707ED5C284CD} = {3033545B-9350-4875-A1F1-0D95653519DA}
		{667C35E8-05CA-47F4-BC9C-424F4AF521FB} = {1AE48D74-37F8-4086-B227-DCA5C94FAD14}
	EndGlobalSection
	GlobalSection(ExtensibilityGlobals) = postSolution
		SolutionGuid = {41B3AB83-4A77-4886-9E58-F7EAE8B6BAF9}
	EndGlobalSection
EndGlobal
